// !$*UTF8*$!
{
	archiveVersion = 1;
	classes = {
	};
	objectVersion = 56;
	objects = {

/* Begin PBXBuildFile section */
		D443834B2953204800620643 /* HTTPClient.swift in Sources */ = {isa = PBXBuildFile; fileRef = D443834A2953204800620643 /* HTTPClient.swift */; };
		D443834D2953D12C00620643 /* AdventarClient.swift in Sources */ = {isa = PBXBuildFile; fileRef = D443834C2953D12C00620643 /* AdventarClient.swift */; };
		D443834F2957F43300620643 /* HTMLParser.swift in Sources */ = {isa = PBXBuildFile; fileRef = D443834E2957F43300620643 /* HTMLParser.swift */; };
		D443835129580B4100620643 /* Element+Extension.swift in Sources */ = {isa = PBXBuildFile; fileRef = D443835029580B4100620643 /* Element+Extension.swift */; };
		D44383552959139D00620643 /* SettingScreen.swift in Sources */ = {isa = PBXBuildFile; fileRef = D44383542959139D00620643 /* SettingScreen.swift */; };
		D443835729592BC100620643 /* ArticleCardView.swift in Sources */ = {isa = PBXBuildFile; fileRef = D443835629592BC100620643 /* ArticleCardView.swift */; };
		D443835A29595C6100620643 /* Lottie in Frameworks */ = {isa = PBXBuildFile; productRef = D443835929595C6100620643 /* Lottie */; };
		D443835C29595C8900620643 /* LottieView.swift in Sources */ = {isa = PBXBuildFile; fileRef = D443835B29595C8900620643 /* LottieView.swift */; };
		D443835E29595CC700620643 /* empty-state.json in Resources */ = {isa = PBXBuildFile; fileRef = D443835D29595CC700620643 /* empty-state.json */; };
		D44383602959607500620643 /* loading.json in Resources */ = {isa = PBXBuildFile; fileRef = D443835F2959607500620643 /* loading.json */; };
		D4CE1A3D294D8CCA00B4CDF5 /* HTMLParserApp.swift in Sources */ = {isa = PBXBuildFile; fileRef = D4CE1A3C294D8CCA00B4CDF5 /* HTMLParserApp.swift */; };
		D4CE1A3F294D8CCA00B4CDF5 /* ContentView.swift in Sources */ = {isa = PBXBuildFile; fileRef = D4CE1A3E294D8CCA00B4CDF5 /* ContentView.swift */; };
		D4CE1A41294D8CCE00B4CDF5 /* Assets.xcassets in Resources */ = {isa = PBXBuildFile; fileRef = D4CE1A40294D8CCE00B4CDF5 /* Assets.xcassets */; };
		D4CE1A44294D8CCE00B4CDF5 /* Preview Assets.xcassets in Resources */ = {isa = PBXBuildFile; fileRef = D4CE1A43294D8CCE00B4CDF5 /* Preview Assets.xcassets */; };
		D4CE1A4C294D8D1700B4CDF5 /* SwiftSoup in Frameworks */ = {isa = PBXBuildFile; productRef = D4CE1A4B294D8D1700B4CDF5 /* SwiftSoup */; };
		D4CE1A4E294D8DAC00B4CDF5 /* AdventarViewModel.swift in Sources */ = {isa = PBXBuildFile; fileRef = D4CE1A4D294D8DAC00B4CDF5 /* AdventarViewModel.swift */; };
		D4CE1A50294DFD5700B4CDF5 /* adventar.html in Resources */ = {isa = PBXBuildFile; fileRef = D4CE1A4F294DFD5700B4CDF5 /* adventar.html */; };
		D4F34E13295097A200B10B68 /* Article.swift in Sources */ = {isa = PBXBuildFile; fileRef = D4F34E12295097A200B10B68 /* Article.swift */; };
		D4F34E16295126D300B10B68 /* AdventarClientError.swift in Sources */ = {isa = PBXBuildFile; fileRef = D4F34E15295126D300B10B68 /* AdventarClientError.swift */; };
		D4F34E182951281000B10B68 /* AdventarRequest.swift in Sources */ = {isa = PBXBuildFile; fileRef = D4F34E172951281000B10B68 /* AdventarRequest.swift */; };
		D4F34E1A2951288A00B10B68 /* HTTPMethod.swift in Sources */ = {isa = PBXBuildFile; fileRef = D4F34E192951288A00B10B68 /* HTTPMethod.swift */; };
		D4F34E1C2951291F00B10B68 /* AdventarAPI.swift in Sources */ = {isa = PBXBuildFile; fileRef = D4F34E1B2951291F00B10B68 /* AdventarAPI.swift */; };
/* End PBXBuildFile section */

/* Begin PBXFileReference section */
		D443834A2953204800620643 /* HTTPClient.swift */ = {isa = PBXFileReference; lastKnownFileType = sourcecode.swift; path = HTTPClient.swift; sourceTree = "<group>"; };
		D443834C2953D12C00620643 /* AdventarClient.swift */ = {isa = PBXFileReference; lastKnownFileType = sourcecode.swift; path = AdventarClient.swift; sourceTree = "<group>"; };
		D443834E2957F43300620643 /* HTMLParser.swift */ = {isa = PBXFileReference; lastKnownFileType = sourcecode.swift; path = HTMLParser.swift; sourceTree = "<group>"; };
		D443835029580B4100620643 /* Element+Extension.swift */ = {isa = PBXFileReference; lastKnownFileType = sourcecode.swift; path = "Element+Extension.swift"; sourceTree = "<group>"; };
		D44383542959139D00620643 /* SettingScreen.swift */ = {isa = PBXFileReference; lastKnownFileType = sourcecode.swift; path = SettingScreen.swift; sourceTree = "<group>"; };
		D443835629592BC100620643 /* ArticleCardView.swift */ = {isa = PBXFileReference; lastKnownFileType = sourcecode.swift; path = ArticleCardView.swift; sourceTree = "<group>"; };
		D443835B29595C8900620643 /* LottieView.swift */ = {isa = PBXFileReference; lastKnownFileType = sourcecode.swift; path = LottieView.swift; sourceTree = "<group>"; };
		D443835D29595CC700620643 /* empty-state.json */ = {isa = PBXFileReference; fileEncoding = 4; lastKnownFileType = text.json; path = "empty-state.json"; sourceTree = "<group>"; };
		D443835F2959607500620643 /* loading.json */ = {isa = PBXFileReference; fileEncoding = 4; lastKnownFileType = text.json; path = loading.json; sourceTree = "<group>"; };
		D4CE1A39294D8CCA00B4CDF5 /* HTMLParser.app */ = {isa = PBXFileReference; explicitFileType = wrapper.application; includeInIndex = 0; path = HTMLParser.app; sourceTree = BUILT_PRODUCTS_DIR; };
		D4CE1A3C294D8CCA00B4CDF5 /* HTMLParserApp.swift */ = {isa = PBXFileReference; lastKnownFileType = sourcecode.swift; path = HTMLParserApp.swift; sourceTree = "<group>"; };
		D4CE1A3E294D8CCA00B4CDF5 /* ContentView.swift */ = {isa = PBXFileReference; lastKnownFileType = sourcecode.swift; path = ContentView.swift; sourceTree = "<group>"; };
		D4CE1A40294D8CCE00B4CDF5 /* Assets.xcassets */ = {isa = PBXFileReference; lastKnownFileType = folder.assetcatalog; path = Assets.xcassets; sourceTree = "<group>"; };
		D4CE1A43294D8CCE00B4CDF5 /* Preview Assets.xcassets */ = {isa = PBXFileReference; lastKnownFileType = folder.assetcatalog; path = "Preview Assets.xcassets"; sourceTree = "<group>"; };
		D4CE1A4D294D8DAC00B4CDF5 /* AdventarViewModel.swift */ = {isa = PBXFileReference; lastKnownFileType = sourcecode.swift; path = AdventarViewModel.swift; sourceTree = "<group>"; };
		D4CE1A4F294DFD5700B4CDF5 /* adventar.html */ = {isa = PBXFileReference; fileEncoding = 4; lastKnownFileType = text.html; path = adventar.html; sourceTree = "<group>"; };
		D4F34E12295097A200B10B68 /* Article.swift */ = {isa = PBXFileReference; lastKnownFileType = sourcecode.swift; path = Article.swift; sourceTree = "<group>"; };
		D4F34E15295126D300B10B68 /* AdventarClientError.swift */ = {isa = PBXFileReference; lastKnownFileType = sourcecode.swift; path = AdventarClientError.swift; sourceTree = "<group>"; };
		D4F34E172951281000B10B68 /* AdventarRequest.swift */ = {isa = PBXFileReference; lastKnownFileType = sourcecode.swift; path = AdventarRequest.swift; sourceTree = "<group>"; };
		D4F34E192951288A00B10B68 /* HTTPMethod.swift */ = {isa = PBXFileReference; lastKnownFileType = sourcecode.swift; path = HTTPMethod.swift; sourceTree = "<group>"; };
		D4F34E1B2951291F00B10B68 /* AdventarAPI.swift */ = {isa = PBXFileReference; lastKnownFileType = sourcecode.swift; path = AdventarAPI.swift; sourceTree = "<group>"; };
/* End PBXFileReference section */

/* Begin PBXFrameworksBuildPhase section */
		D4CE1A36294D8CCA00B4CDF5 /* Frameworks */ = {
			isa = PBXFrameworksBuildPhase;
			buildActionMask = 2147483647;
			files = (
				D4CE1A4C294D8D1700B4CDF5 /* SwiftSoup in Frameworks */,
				D443835A29595C6100620643 /* Lottie in Frameworks */,
			);
			runOnlyForDeploymentPostprocessing = 0;
		};
/* End PBXFrameworksBuildPhase section */

/* Begin PBXGroup section */
		D4CE1A30294D8CCA00B4CDF5 = {
			isa = PBXGroup;
			children = (
				D4CE1A3B294D8CCA00B4CDF5 /* HTMLParser */,
				D4CE1A3A294D8CCA00B4CDF5 /* Products */,
			);
			sourceTree = "<group>";
		};
		D4CE1A3A294D8CCA00B4CDF5 /* Products */ = {
			isa = PBXGroup;
			children = (
				D4CE1A39294D8CCA00B4CDF5 /* HTMLParser.app */,
			);
			name = Products;
			sourceTree = "<group>";
		};
		D4CE1A3B294D8CCA00B4CDF5 /* HTMLParser */ = {
			isa = PBXGroup;
			children = (
				D4F34E14295125D100B10B68 /* APIClient */,
				D4CE1A3C294D8CCA00B4CDF5 /* HTMLParserApp.swift */,
				D4CE1A3E294D8CCA00B4CDF5 /* ContentView.swift */,
				D44383542959139D00620643 /* SettingScreen.swift */,
				D4CE1A4F294DFD5700B4CDF5 /* adventar.html */,
				D4CE1A40294D8CCE00B4CDF5 /* Assets.xcassets */,
				D443835D29595CC700620643 /* empty-state.json */,
				D443835F2959607500620643 /* loading.json */,
				D4CE1A42294D8CCE00B4CDF5 /* Preview Content */,
				D4CE1A4D294D8DAC00B4CDF5 /* AdventarViewModel.swift */,
				D4F34E12295097A200B10B68 /* Article.swift */,
				D443834E2957F43300620643 /* HTMLParser.swift */,
				D443835029580B4100620643 /* Element+Extension.swift */,
				D443835629592BC100620643 /* ArticleCardView.swift */,
				D443835B29595C8900620643 /* LottieView.swift */,
			);
			path = HTMLParser;
			sourceTree = "<group>";
		};
		D4CE1A42294D8CCE00B4CDF5 /* Preview Content */ = {
			isa = PBXGroup;
			children = (
				D4CE1A43294D8CCE00B4CDF5 /* Preview Assets.xcassets */,
			);
			path = "Preview Content";
			sourceTree = "<group>";
		};
		D4F34E14295125D100B10B68 /* APIClient */ = {
			isa = PBXGroup;
			children = (
				D4F34E15295126D300B10B68 /* AdventarClientError.swift */,
				D4F34E172951281000B10B68 /* AdventarRequest.swift */,
				D4F34E192951288A00B10B68 /* HTTPMethod.swift */,
				D443834C2953D12C00620643 /* AdventarClient.swift */,
				D4F34E1B2951291F00B10B68 /* AdventarAPI.swift */,
				D443834A2953204800620643 /* HTTPClient.swift */,
			);
			path = APIClient;
			sourceTree = "<group>";
		};
/* End PBXGroup section */

/* Begin PBXNativeTarget section */
		D4CE1A38294D8CCA00B4CDF5 /* HTMLParser */ = {
			isa = PBXNativeTarget;
			buildConfigurationList = D4CE1A47294D8CCE00B4CDF5 /* Build configuration list for PBXNativeTarget "HTMLParser" */;
			buildPhases = (
				D4CE1A35294D8CCA00B4CDF5 /* Sources */,
				D4CE1A36294D8CCA00B4CDF5 /* Frameworks */,
				D4CE1A37294D8CCA00B4CDF5 /* Resources */,
			);
			buildRules = (
			);
			dependencies = (
			);
			name = HTMLParser;
			packageProductDependencies = (
				D4CE1A4B294D8D1700B4CDF5 /* SwiftSoup */,
				D443835929595C6100620643 /* Lottie */,
			);
			productName = HTMLParser;
			productReference = D4CE1A39294D8CCA00B4CDF5 /* HTMLParser.app */;
			productType = "com.apple.product-type.application";
		};
/* End PBXNativeTarget section */

/* Begin PBXProject section */
		D4CE1A31294D8CCA00B4CDF5 /* Project object */ = {
			isa = PBXProject;
			attributes = {
				BuildIndependentTargetsInParallel = 1;
				LastSwiftUpdateCheck = 1420;
				LastUpgradeCheck = 1420;
				TargetAttributes = {
					D4CE1A38294D8CCA00B4CDF5 = {
						CreatedOnToolsVersion = 14.2;
					};
				};
			};
			buildConfigurationList = D4CE1A34294D8CCA00B4CDF5 /* Build configuration list for PBXProject "HTMLParser" */;
			compatibilityVersion = "Xcode 14.0";
			developmentRegion = en;
			hasScannedForEncodings = 0;
			knownRegions = (
				en,
				Base,
			);
			mainGroup = D4CE1A30294D8CCA00B4CDF5;
			packageReferences = (
				D4CE1A4A294D8D1700B4CDF5 /* XCRemoteSwiftPackageReference "SwiftSoup" */,
				D443835829595C6100620643 /* XCRemoteSwiftPackageReference "lottie-ios" */,
			);
			productRefGroup = D4CE1A3A294D8CCA00B4CDF5 /* Products */;
			projectDirPath = "";
			projectRoot = "";
			targets = (
				D4CE1A38294D8CCA00B4CDF5 /* HTMLParser */,
			);
		};
/* End PBXProject section */

/* Begin PBXResourcesBuildPhase section */
		D4CE1A37294D8CCA00B4CDF5 /* Resources */ = {
			isa = PBXResourcesBuildPhase;
			buildActionMask = 2147483647;
			files = (
				D4CE1A44294D8CCE00B4CDF5 /* Preview Assets.xcassets in Resources */,
				D443835E29595CC700620643 /* empty-state.json in Resources */,
				D4CE1A50294DFD5700B4CDF5 /* adventar.html in Resources */,
				D4CE1A41294D8CCE00B4CDF5 /* Assets.xcassets in Resources */,
				D44383602959607500620643 /* loading.json in Resources */,
			);
			runOnlyForDeploymentPostprocessing = 0;
		};
/* End PBXResourcesBuildPhase section */

/* Begin PBXSourcesBuildPhase section */
		D4CE1A35294D8CCA00B4CDF5 /* Sources */ = {
			isa = PBXSourcesBuildPhase;
			buildActionMask = 2147483647;
			files = (
				D443834F2957F43300620643 /* HTMLParser.swift in Sources */,
				D4F34E182951281000B10B68 /* AdventarRequest.swift in Sources */,
				D4F34E13295097A200B10B68 /* Article.swift in Sources */,
				D443835129580B4100620643 /* Element+Extension.swift in Sources */,
				D4F34E1A2951288A00B10B68 /* HTTPMethod.swift in Sources */,
				D4F34E1C2951291F00B10B68 /* AdventarAPI.swift in Sources */,
				D443835C29595C8900620643 /* LottieView.swift in Sources */,
				D4F34E16295126D300B10B68 /* AdventarClientError.swift in Sources */,
				D443835729592BC100620643 /* ArticleCardView.swift in Sources */,
				D44383552959139D00620643 /* SettingScreen.swift in Sources */,
				D443834D2953D12C00620643 /* AdventarClient.swift in Sources */,
				D443834B2953204800620643 /* HTTPClient.swift in Sources */,
				D4CE1A4E294D8DAC00B4CDF5 /* AdventarViewModel.swift in Sources */,
				D4CE1A3F294D8CCA00B4CDF5 /* ContentView.swift in Sources */,
				D4CE1A3D294D8CCA00B4CDF5 /* HTMLParserApp.swift in Sources */,
			);
			runOnlyForDeploymentPostprocessing = 0;
		};
/* End PBXSourcesBuildPhase section */

/* Begin XCBuildConfiguration section */
		D4CE1A45294D8CCE00B4CDF5 /* Debug */ = {
			isa = XCBuildConfiguration;
			buildSettings = {
				ALWAYS_SEARCH_USER_PATHS = NO;
				CLANG_ANALYZER_NONNULL = YES;
				CLANG_ANALYZER_NUMBER_OBJECT_CONVERSION = YES_AGGRESSIVE;
				CLANG_CXX_LANGUAGE_STANDARD = "gnu++20";
				CLANG_ENABLE_MODULES = YES;
				CLANG_ENABLE_OBJC_ARC = YES;
				CLANG_ENABLE_OBJC_WEAK = YES;
				CLANG_WARN_BLOCK_CAPTURE_AUTORELEASING = YES;
				CLANG_WARN_BOOL_CONVERSION = YES;
				CLANG_WARN_COMMA = YES;
				CLANG_WARN_CONSTANT_CONVERSION = YES;
				CLANG_WARN_DEPRECATED_OBJC_IMPLEMENTATIONS = YES;
				CLANG_WARN_DIRECT_OBJC_ISA_USAGE = YES_ERROR;
				CLANG_WARN_DOCUMENTATION_COMMENTS = YES;
				CLANG_WARN_EMPTY_BODY = YES;
				CLANG_WARN_ENUM_CONVERSION = YES;
				CLANG_WARN_INFINITE_RECURSION = YES;
				CLANG_WARN_INT_CONVERSION = YES;
				CLANG_WARN_NON_LITERAL_NULL_CONVERSION = YES;
				CLANG_WARN_OBJC_IMPLICIT_RETAIN_SELF = YES;
				CLANG_WARN_OBJC_LITERAL_CONVERSION = YES;
				CLANG_WARN_OBJC_ROOT_CLASS = YES_ERROR;
				CLANG_WARN_QUOTED_INCLUDE_IN_FRAMEWORK_HEADER = YES;
				CLANG_WARN_RANGE_LOOP_ANALYSIS = YES;
				CLANG_WARN_STRICT_PROTOTYPES = YES;
				CLANG_WARN_SUSPICIOUS_MOVE = YES;
				CLANG_WARN_UNGUARDED_AVAILABILITY = YES_AGGRESSIVE;
				CLANG_WARN_UNREACHABLE_CODE = YES;
				CLANG_WARN__DUPLICATE_METHOD_MATCH = YES;
				COPY_PHASE_STRIP = NO;
				DEBUG_INFORMATION_FORMAT = dwarf;
				ENABLE_STRICT_OBJC_MSGSEND = YES;
				ENABLE_TESTABILITY = YES;
				GCC_C_LANGUAGE_STANDARD = gnu11;
				GCC_DYNAMIC_NO_PIC = NO;
				GCC_NO_COMMON_BLOCKS = YES;
				GCC_OPTIMIZATION_LEVEL = 0;
				GCC_PREPROCESSOR_DEFINITIONS = (
					"DEBUG=1",
					"$(inherited)",
				);
				GCC_WARN_64_TO_32_BIT_CONVERSION = YES;
				GCC_WARN_ABOUT_RETURN_TYPE = YES_ERROR;
				GCC_WARN_UNDECLARED_SELECTOR = YES;
				GCC_WARN_UNINITIALIZED_AUTOS = YES_AGGRESSIVE;
				GCC_WARN_UNUSED_FUNCTION = YES;
				GCC_WARN_UNUSED_VARIABLE = YES;
				IPHONEOS_DEPLOYMENT_TARGET = 16.2;
				MTL_ENABLE_DEBUG_INFO = INCLUDE_SOURCE;
				MTL_FAST_MATH = YES;
				ONLY_ACTIVE_ARCH = YES;
				SDKROOT = iphoneos;
				SWIFT_ACTIVE_COMPILATION_CONDITIONS = DEBUG;
				SWIFT_OPTIMIZATION_LEVEL = "-Onone";
			};
			name = Debug;
		};
		D4CE1A46294D8CCE00B4CDF5 /* Release */ = {
			isa = XCBuildConfiguration;
			buildSettings = {
				ALWAYS_SEARCH_USER_PATHS = NO;
				CLANG_ANALYZER_NONNULL = YES;
				CLANG_ANALYZER_NUMBER_OBJECT_CONVERSION = YES_AGGRESSIVE;
				CLANG_CXX_LANGUAGE_STANDARD = "gnu++20";
				CLANG_ENABLE_MODULES = YES;
				CLANG_ENABLE_OBJC_ARC = YES;
				CLANG_ENABLE_OBJC_WEAK = YES;
				CLANG_WARN_BLOCK_CAPTURE_AUTORELEASING = YES;
				CLANG_WARN_BOOL_CONVERSION = YES;
				CLANG_WARN_COMMA = YES;
				CLANG_WARN_CONSTANT_CONVERSION = YES;
				CLANG_WARN_DEPRECATED_OBJC_IMPLEMENTATIONS = YES;
				CLANG_WARN_DIRECT_OBJC_ISA_USAGE = YES_ERROR;
				CLANG_WARN_DOCUMENTATION_COMMENTS = YES;
				CLANG_WARN_EMPTY_BODY = YES;
				CLANG_WARN_ENUM_CONVERSION = YES;
				CLANG_WARN_INFINITE_RECURSION = YES;
				CLANG_WARN_INT_CONVERSION = YES;
				CLANG_WARN_NON_LITERAL_NULL_CONVERSION = YES;
				CLANG_WARN_OBJC_IMPLICIT_RETAIN_SELF = YES;
				CLANG_WARN_OBJC_LITERAL_CONVERSION = YES;
				CLANG_WARN_OBJC_ROOT_CLASS = YES_ERROR;
				CLANG_WARN_QUOTED_INCLUDE_IN_FRAMEWORK_HEADER = YES;
				CLANG_WARN_RANGE_LOOP_ANALYSIS = YES;
				CLANG_WARN_STRICT_PROTOTYPES = YES;
				CLANG_WARN_SUSPICIOUS_MOVE = YES;
				CLANG_WARN_UNGUARDED_AVAILABILITY = YES_AGGRESSIVE;
				CLANG_WARN_UNREACHABLE_CODE = YES;
				CLANG_WARN__DUPLICATE_METHOD_MATCH = YES;
				COPY_PHASE_STRIP = NO;
				DEBUG_INFORMATION_FORMAT = "dwarf-with-dsym";
				ENABLE_NS_ASSERTIONS = NO;
				ENABLE_STRICT_OBJC_MSGSEND = YES;
				GCC_C_LANGUAGE_STANDARD = gnu11;
				GCC_NO_COMMON_BLOCKS = YES;
				GCC_WARN_64_TO_32_BIT_CONVERSION = YES;
				GCC_WARN_ABOUT_RETURN_TYPE = YES_ERROR;
				GCC_WARN_UNDECLARED_SELECTOR = YES;
				GCC_WARN_UNINITIALIZED_AUTOS = YES_AGGRESSIVE;
				GCC_WARN_UNUSED_FUNCTION = YES;
				GCC_WARN_UNUSED_VARIABLE = YES;
				IPHONEOS_DEPLOYMENT_TARGET = 16.2;
				MTL_ENABLE_DEBUG_INFO = NO;
				MTL_FAST_MATH = YES;
				SDKROOT = iphoneos;
				SWIFT_COMPILATION_MODE = wholemodule;
				SWIFT_OPTIMIZATION_LEVEL = "-O";
				VALIDATE_PRODUCT = YES;
			};
			name = Release;
		};
		D4CE1A48294D8CCE00B4CDF5 /* Debug */ = {
			isa = XCBuildConfiguration;
			buildSettings = {
				ASSETCATALOG_COMPILER_APPICON_NAME = AppIcon;
				ASSETCATALOG_COMPILER_GLOBAL_ACCENT_COLOR_NAME = AccentColor;
				CODE_SIGN_STYLE = Automatic;
				CURRENT_PROJECT_VERSION = 1;
				DEVELOPMENT_ASSET_PATHS = "\"HTMLParser/Preview Content\"";
				DEVELOPMENT_TEAM = 95L82PNXV3;
				ENABLE_PREVIEWS = YES;
				GENERATE_INFOPLIST_FILE = YES;
				INFOPLIST_KEY_UIApplicationSceneManifest_Generation = YES;
				INFOPLIST_KEY_UIApplicationSupportsIndirectInputEvents = YES;
				INFOPLIST_KEY_UILaunchScreen_Generation = YES;
				INFOPLIST_KEY_UISupportedInterfaceOrientations_iPad = "UIInterfaceOrientationPortrait UIInterfaceOrientationPortraitUpsideDown UIInterfaceOrientationLandscapeLeft UIInterfaceOrientationLandscapeRight";
				INFOPLIST_KEY_UISupportedInterfaceOrientations_iPhone = "UIInterfaceOrientationPortrait UIInterfaceOrientationLandscapeLeft UIInterfaceOrientationLandscapeRight";
				LD_RUNPATH_SEARCH_PATHS = (
					"$(inherited)",
					"@executable_path/Frameworks",
				);
				MARKETING_VERSION = 1.0;
				PRODUCT_BUNDLE_IDENTIFIER = com.kamimi.HTMLParser;
				PRODUCT_NAME = "$(TARGET_NAME)";
				SWIFT_EMIT_LOC_STRINGS = YES;
				SWIFT_VERSION = 5.0;
				TARGETED_DEVICE_FAMILY = "1,2";
			};
			name = Debug;
		};
		D4CE1A49294D8CCE00B4CDF5 /* Release */ = {
			isa = XCBuildConfiguration;
			buildSettings = {
				ASSETCATALOG_COMPILER_APPICON_NAME = AppIcon;
				ASSETCATALOG_COMPILER_GLOBAL_ACCENT_COLOR_NAME = AccentColor;
				CODE_SIGN_STYLE = Automatic;
				CURRENT_PROJECT_VERSION = 1;
				DEVELOPMENT_ASSET_PATHS = "\"HTMLParser/Preview Content\"";
				DEVELOPMENT_TEAM = 95L82PNXV3;
				ENABLE_PREVIEWS = YES;
				GENERATE_INFOPLIST_FILE = YES;
				INFOPLIST_KEY_UIApplicationSceneManifest_Generation = YES;
				INFOPLIST_KEY_UIApplicationSupportsIndirectInputEvents = YES;
				INFOPLIST_KEY_UILaunchScreen_Generation = YES;
				INFOPLIST_KEY_UISupportedInterfaceOrientations_iPad = "UIInterfaceOrientationPortrait UIInterfaceOrientationPortraitUpsideDown UIInterfaceOrientationLandscapeLeft UIInterfaceOrientationLandscapeRight";
				INFOPLIST_KEY_UISupportedInterfaceOrientations_iPhone = "UIInterfaceOrientationPortrait UIInterfaceOrientationLandscapeLeft UIInterfaceOrientationLandscapeRight";
				LD_RUNPATH_SEARCH_PATHS = (
					"$(inherited)",
					"@executable_path/Frameworks",
				);
				MARKETING_VERSION = 1.0;
				PRODUCT_BUNDLE_IDENTIFIER = com.kamimi.HTMLParser;
				PRODUCT_NAME = "$(TARGET_NAME)";
				SWIFT_EMIT_LOC_STRINGS = YES;
				SWIFT_VERSION = 5.0;
				TARGETED_DEVICE_FAMILY = "1,2";
			};
			name = Release;
		};
/* End XCBuildConfiguration section */

/* Begin XCConfigurationList section */
		D4CE1A34294D8CCA00B4CDF5 /* Build configuration list for PBXProject "HTMLParser" */ = {
			isa = XCConfigurationList;
			buildConfigurations = (
				D4CE1A45294D8CCE00B4CDF5 /* Debug */,
				D4CE1A46294D8CCE00B4CDF5 /* Release */,
			);
			defaultConfigurationIsVisible = 0;
			defaultConfigurationName = Release;
		};
		D4CE1A47294D8CCE00B4CDF5 /* Build configuration list for PBXNativeTarget "HTMLParser" */ = {
			isa = XCConfigurationList;
			buildConfigurations = (
				D4CE1A48294D8CCE00B4CDF5 /* Debug */,
				D4CE1A49294D8CCE00B4CDF5 /* Release */,
			);
			defaultConfigurationIsVisible = 0;
			defaultConfigurationName = Release;
		};
/* End XCConfigurationList section */

/* Begin XCRemoteSwiftPackageReference section */
		D443835829595C6100620643 /* XCRemoteSwiftPackageReference "lottie-ios" */ = {
			isa = XCRemoteSwiftPackageReference;
			repositoryURL = "https://github.com/airbnb/lottie-ios";
			requirement = {
				kind = exactVersion;
				version = 4.0.1;
			};
		};
		D4CE1A4A294D8D1700B4CDF5 /* XCRemoteSwiftPackageReference "SwiftSoup" */ = {
			isa = XCRemoteSwiftPackageReference;
			repositoryURL = "https://github.com/scinfu/SwiftSoup.git";
			requirement = {
				kind = exactVersion;
				version = 2.4.3;
			};
		};
/* End XCRemoteSwiftPackageReference section */

/* Begin XCSwiftPackageProductDependency section */
		D443835929595C6100620643 /* Lottie */ = {
			isa = XCSwiftPackageProductDependency;
			package = D443835829595C6100620643 /* XCRemoteSwiftPackageReference "lottie-ios" */;
			productName = Lottie;
		};
		D4CE1A4B294D8D1700B4CDF5 /* SwiftSoup */ = {
			isa = XCSwiftPackageProductDependency;
			package = D4CE1A4A294D8D1700B4CDF5 /* XCRemoteSwiftPackageReference "SwiftSoup" */;
			productName = SwiftSoup;
		};
/* End XCSwiftPackageProductDependency section */
	};
	rootObject = D4CE1A31294D8CCA00B4CDF5 /* Project object */;
}
